// !$*UTF8*$!
{
	archiveVersion = 1;
	classes = {
	};
	objectVersion = 50;
	objects = {

/* Begin PBXBuildFile section */
		673DE44E24D4261000A64149 /* AppDelegate.swift in Sources */ = {isa = PBXBuildFile; fileRef = 673DE44D24D4261000A64149 /* AppDelegate.swift */; };
		673DE45024D4261000A64149 /* SceneDelegate.swift in Sources */ = {isa = PBXBuildFile; fileRef = 673DE44F24D4261000A64149 /* SceneDelegate.swift */; };
		673DE45224D4261000A64149 /* ViewController.swift in Sources */ = {isa = PBXBuildFile; fileRef = 673DE45124D4261000A64149 /* ViewController.swift */; };
		673DE45524D4261000A64149 /* Main.storyboard in Resources */ = {isa = PBXBuildFile; fileRef = 673DE45324D4261000A64149 /* Main.storyboard */; };
		673DE45724D4261C00A64149 /* Assets.xcassets in Resources */ = {isa = PBXBuildFile; fileRef = 673DE45624D4261C00A64149 /* Assets.xcassets */; };
		673DE45A24D4261C00A64149 /* LaunchScreen.storyboard in Resources */ = {isa = PBXBuildFile; fileRef = 673DE45824D4261C00A64149 /* LaunchScreen.storyboard */; };
/* End PBXBuildFile section */

/* Begin PBXFileReference section */
		673DE44A24D4261000A64149 /* Hitowooboeruapuri.app */ = {isa = PBXFileReference; explicitFileType = wrapper.application; includeInIndex = 0; path = Hitowooboeruapuri.app; sourceTree = BUILT_PRODUCTS_DIR; };
		673DE44D24D4261000A64149 /* AppDelegate.swift */ = {isa = PBXFileReference; lastKnownFileType = sourcecode.swift; path = AppDelegate.swift; sourceTree = "<group>"; };
		673DE44F24D4261000A64149 /* SceneDelegate.swift */ = {isa = PBXFileReference; lastKnownFileType = sourcecode.swift; path = SceneDelegate.swift; sourceTree = "<group>"; };
		673DE45124D4261000A64149 /* ViewController.swift */ = {isa = PBXFileReference; lastKnownFileType = sourcecode.swift; path = ViewController.swift; sourceTree = "<group>"; };
		673DE45424D4261000A64149 /* Base */ = {isa = PBXFileReference; lastKnownFileType = file.storyboard; name = Base; path = Base.lproj/Main.storyboard; sourceTree = "<group>"; };
		673DE45624D4261C00A64149 /* Assets.xcassets */ = {isa = PBXFileReference; lastKnownFileType = folder.assetcatalog; path = Assets.xcassets; sourceTree = "<group>"; };
		673DE45924D4261C00A64149 /* Base */ = {isa = PBXFileReference; lastKnownFileType = file.storyboard; name = Base; path = Base.lproj/LaunchScreen.storyboard; sourceTree = "<group>"; };
		673DE45B24D4261C00A64149 /* Info.plist */ = {isa = PBXFileReference; lastKnownFileType = text.plist.xml; path = Info.plist; sourceTree = "<group>"; };
/* End PBXFileReference section */

/* Begin PBXFrameworksBuildPhase section */
		673DE44724D4261000A64149 /* Frameworks */ = {
			isa = PBXFrameworksBuildPhase;
			buildActionMask = 2147483647;
			files = (
			);
			runOnlyForDeploymentPostprocessing = 0;
		};
/* End PBXFrameworksBuildPhase section */

/* Begin PBXGroup section */
		673DE44124D4261000A64149 = {
			isa = PBXGroup;
			children = (
				673DE44C24D4261000A64149 /* Hitowooboeruapuri */,
				673DE44B24D4261000A64149 /* Products */,
			);
			sourceTree = "<group>";
		};
		673DE44B24D4261000A64149 /* Products */ = {
			isa = PBXGroup;
			children = (
				673DE44A24D4261000A64149 /* Hitowooboeruapuri.app */,
			);
			name = Products;
			sourceTree = "<group>";
		};
		673DE44C24D4261000A64149 /* Hitowooboeruapuri */ = {
			isa = PBXGroup;
			children = (
				673DE44D24D4261000A64149 /* AppDelegate.swift */,
				673DE44F24D4261000A64149 /* SceneDelegate.swift */,
				673DE45124D4261000A64149 /* ViewController.swift */,
				673DE45324D4261000A64149 /* Main.storyboard */,
				673DE45624D4261C00A64149 /* Assets.xcassets */,
				673DE45824D4261C00A64149 /* LaunchScreen.storyboard */,
				673DE45B24D4261C00A64149 /* Info.plist */,
			);
			path = Hitowooboeruapuri;
			sourceTree = "<group>";
		};
/* End PBXGroup section */

/* Begin PBXNativeTarget section */
		673DE44924D4261000A64149 /* Hitowooboeruapuri */ = {
			isa = PBXNativeTarget;
			buildConfigurationList = 673DE45E24D4261C00A64149 /* Build configuration list for PBXNativeTarget "Hitowooboeruapuri" */;
			buildPhases = (
				673DE44624D4261000A64149 /* Sources */,
				673DE44724D4261000A64149 /* Frameworks */,
				673DE44824D4261000A64149 /* Resources */,
			);
			buildRules = (
			);
			dependencies = (
			);
			name = Hitowooboeruapuri;
			productName = Hitowooboeruapuri;
			productReference = 673DE44A24D4261000A64149 /* Hitowooboeruapuri.app */;
			productType = "com.apple.product-type.application";
		};
/* End PBXNativeTarget section */

/* Begin PBXProject section */
		673DE44224D4261000A64149 /* Project object */ = {
			isa = PBXProject;
			attributes = {
				LastSwiftUpdateCheck = 1160;
				LastUpgradeCheck = 1160;
				ORGANIZATIONNAME = nodoka;
				TargetAttributes = {
					673DE44924D4261000A64149 = {
						CreatedOnToolsVersion = 11.6;
					};
				};
			};
			buildConfigurationList = 673DE44524D4261000A64149 /* Build configuration list for PBXProject "Hitowooboeruapuri" */;
			compatibilityVersion = "Xcode 9.3";
			developmentRegion = en;
			hasScannedForEncodings = 0;
			knownRegions = (
				en,
				Base,
			);
			mainGroup = 673DE44124D4261000A64149;
			productRefGroup = 673DE44B24D4261000A64149 /* Products */;
			projectDirPath = "";
			projectRoot = "";
			targets = (
				673DE44924D4261000A64149 /* Hitowooboeruapuri */,
			);
		};
/* End PBXProject section */

/* Begin PBXResourcesBuildPhase section */
		673DE44824D4261000A64149 /* Resources */ = {
			isa = PBXResourcesBuildPhase;
			buildActionMask = 2147483647;
			files = (
				673DE45A24D4261C00A64149 /* LaunchScreen.storyboard in Resources */,
				673DE45724D4261C00A64149 /* Assets.xcassets in Resources */,
				673DE45524D4261000A64149 /* Main.storyboard in Resources */,
			);
			runOnlyForDeploymentPostprocessing = 0;
		};
/* End PBXResourcesBuildPhase section */

/* Begin PBXSourcesBuildPhase section */
		673DE44624D4261000A64149 /* Sources */ = {
			isa = PBXSourcesBuildPhase;
			buildActionMask = 2147483647;
			files = (
				673DE45224D4261000A64149 /* ViewController.swift in Sources */,
				673DE44E24D4261000A64149 /* AppDelegate.swift in Sources */,
				673DE45024D4261000A64149 /* SceneDelegate.swift in Sources */,
			);
			runOnlyForDeploymentPostprocessing = 0;
		};
/* End PBXSourcesBuildPhase section */

/* Begin PBXVariantGroup section */
		673DE45324D4261000A64149 /* Main.storyboard */ = {
			isa = PBXVariantGroup;
			children = (
				673DE45424D4261000A64149 /* Base */,
			);
			name = Main.storyboard;
			sourceTree = "<group>";
		};
		673DE45824D4261C00A64149 /* LaunchScreen.storyboard */ = {
			isa = PBXVariantGroup;
			children = (
				673DE45924D4261C00A64149 /* Base */,
			);
			name = LaunchScreen.storyboard;
			sourceTree = "<group>";
		};
/* End PBXVariantGroup section */

/* Begin XCBuildConfiguration section */
		673DE45C24D4261C00A64149 /* Debug */ = {
			isa = XCBuildConfiguration;
			buildSettings = {
				ALWAYS_SEARCH_USER_PATHS = NO;
				CLANG_ANALYZER_NONNULL = YES;
				CLANG_ANALYZER_NUMBER_OBJECT_CONVERSION = YES_AGGRESSIVE;
				CLANG_CXX_LANGUAGE_STANDARD = "gnu++14";
				CLANG_CXX_LIBRARY = "libc++";
				CLANG_ENABLE_MODULES = YES;
				CLANG_ENABLE_OBJC_ARC = YES;
				CLANG_ENABLE_OBJC_WEAK = YES;
				CLANG_WARN_BLOCK_CAPTURE_AUTORELEASING = YES;
				CLANG_WARN_BOOL_CONVERSION = YES;
				CLANG_WARN_COMMA = YES;
				CLANG_WARN_CONSTANT_CONVERSION = YES;
				CLANG_WARN_DEPRECATED_OBJC_IMPLEMENTATIONS = YES;
				CLANG_WARN_DIRECT_OBJC_ISA_USAGE = YES_ERROR;
				CLANG_WARN_DOCUMENTATION_COMMENTS = YES;
				CLANG_WARN_EMPTY_BODY = YES;
				CLANG_WARN_ENUM_CONVERSION = YES;
				CLANG_WARN_INFINITE_RECURSION = YES;
				CLANG_WARN_INT_CONVERSION = YES;
				CLANG_WARN_NON_LITERAL_NULL_CONVERSION = YES;
				CLANG_WARN_OBJC_IMPLICIT_RETAIN_SELF = YES;
				CLANG_WARN_OBJC_LITERAL_CONVERSION = YES;
				CLANG_WARN_OBJC_ROOT_CLASS = YES_ERROR;
				CLANG_WARN_RANGE_LOOP_ANALYSIS = YES;
				CLANG_WARN_STRICT_PROTOTYPES = YES;
				CLANG_WARN_SUSPICIOUS_MOVE = YES;
				CLANG_WARN_UNGUARDED_AVAILABILITY = YES_AGGRESSIVE;
				CLANG_WARN_UNREACHABLE_CODE = YES;
				CLANG_WARN__DUPLICATE_METHOD_MATCH = YES;
				COPY_PHASE_STRIP = NO;
				DEBUG_INFORMATION_FORMAT = dwarf;
				ENABLE_STRICT_OBJC_MSGSEND = YES;
				ENABLE_TESTABILITY = YES;
				GCC_C_LANGUAGE_STANDARD = gnu11;
				GCC_DYNAMIC_NO_PIC = NO;
				GCC_NO_COMMON_BLOCKS = YES;
				GCC_OPTIMIZATION_LEVEL = 0;
				GCC_PREPROCESSOR_DEFINITIONS = (
					"DEBUG=1",
					"$(inherited)",
				);
				GCC_WARN_64_TO_32_BIT_CONVERSION = YES;
				GCC_WARN_ABOUT_RETURN_TYPE = YES_ERROR;
				GCC_WARN_UNDECLARED_SELECTOR = YES;
				GCC_WARN_UNINITIALIZED_AUTOS = YES_AGGRESSIVE;
				GCC_WARN_UNUSED_FUNCTION = YES;
				GCC_WARN_UNUSED_VARIABLE = YES;
				IPHONEOS_DEPLOYMENT_TARGET = 13.6;
				MTL_ENABLE_DEBUG_INFO = INCLUDE_SOURCE;
				MTL_FAST_MATH = YES;
				ONLY_ACTIVE_ARCH = YES;
				SDKROOT = iphoneos;
				SWIFT_ACTIVE_COMPILATION_CONDITIONS = DEBUG;
				SWIFT_OPTIMIZATION_LEVEL = "-Onone";
			};
			name = Debug;
		};
		673DE45D24D4261C00A64149 /* Release */ = {
			isa = XCBuildConfiguration;
			buildSettings = {
				ALWAYS_SEARCH_USER_PATHS = NO;
				CLANG_ANALYZER_NONNULL = YES;
				CLANG_ANALYZER_NUMBER_OBJECT_CONVERSION = YES_AGGRESSIVE;
				CLANG_CXX_LANGUAGE_STANDARD = "gnu++14";
				CLANG_CXX_LIBRARY = "libc++";
				CLANG_ENABLE_MODULES = YES;
				CLANG_ENABLE_OBJC_ARC = YES;
				CLANG_ENABLE_OBJC_WEAK = YES;
				CLANG_WARN_BLOCK_CAPTURE_AUTORELEASING = YES;
				CLANG_WARN_BOOL_CONVERSION = YES;
				CLANG_WARN_COMMA = YES;
				CLANG_WARN_CONSTANT_CONVERSION = YES;
				CLANG_WARN_DEPRECATED_OBJC_IMPLEMENTATIONS = YES;
				CLANG_WARN_DIRECT_OBJC_ISA_USAGE = YES_ERROR;
				CLANG_WARN_DOCUMENTATION_COMMENTS = YES;
				CLANG_WARN_EMPTY_BODY = YES;
				CLANG_WARN_ENUM_CONVERSION = YES;
				CLANG_WARN_INFINITE_RECURSION = YES;
				CLANG_WARN_INT_CONVERSION = YES;
				CLANG_WARN_NON_LITERAL_NULL_CONVERSION = YES;
				CLANG_WARN_OBJC_IMPLICIT_RETAIN_SELF = YES;
				CLANG_WARN_OBJC_LITERAL_CONVERSION = YES;
				CLANG_WARN_OBJC_ROOT_CLASS = YES_ERROR;
				CLANG_WARN_RANGE_LOOP_ANALYSIS = YES;
				CLANG_WARN_STRICT_PROTOTYPES = YES;
				CLANG_WARN_SUSPICIOUS_MOVE = YES;
				CLANG_WARN_UNGUARDED_AVAILABILITY = YES_AGGRESSIVE;
				CLANG_WARN_UNREACHABLE_CODE = YES;
				CLANG_WARN__DUPLICATE_METHOD_MATCH = YES;
				COPY_PHASE_STRIP = NO;
				DEBUG_INFORMATION_FORMAT = "dwarf-with-dsym";
				ENABLE_NS_ASSERTIONS = NO;
				ENABLE_STRICT_OBJC_MSGSEND = YES;
				GCC_C_LANGUAGE_STANDARD = gnu11;
				GCC_NO_COMMON_BLOCKS = YES;
				GCC_WARN_64_TO_32_BIT_CONVERSION = YES;
				GCC_WARN_ABOUT_RETURN_TYPE = YES_ERROR;
				GCC_WARN_UNDECLARED_SELECTOR = YES;
				GCC_WARN_UNINITIALIZED_AUTOS = YES_AGGRESSIVE;
				GCC_WARN_UNUSED_FUNCTION = YES;
				GCC_WARN_UNUSED_VARIABLE = YES;
				IPHONEOS_DEPLOYMENT_TARGET = 13.6;
				MTL_ENABLE_DEBUG_INFO = NO;
				MTL_FAST_MATH = YES;
				SDKROOT = iphoneos;
				SWIFT_COMPILATION_MODE = wholemodule;
				SWIFT_OPTIMIZATION_LEVEL = "-O";
				VALIDATE_PRODUCT = YES;
			};
			name = Release;
		};
		673DE45F24D4261C00A64149 /* Debug */ = {
			isa = XCBuildConfiguration;
			buildSettings = {
				ASSETCATALOG_COMPILER_APPICON_NAME = AppIcon;
				CODE_SIGN_STYLE = Automatic;
				INFOPLIST_FILE = Hitowooboeruapuri/Info.plist;
				LD_RUNPATH_SEARCH_PATHS = (
					"$(inherited)",
					"@executable_path/Frameworks",
				);
				PRODUCT_BUNDLE_IDENTIFIER = com.nodoka.Hitowooboeruapuri;
				PRODUCT_NAME = "$(TARGET_NAME)";
				SWIFT_VERSION = 5.0;
				TARGETED_DEVICE_FAMILY = "1,2";
			};
			name = Debug;
		};
		673DE46024D4261C00A64149 /* Release */ = {
			isa = XCBuildConfiguration;
			buildSettings = {
				ASSETCATALOG_COMPILER_APPICON_NAME = AppIcon;
				CODE_SIGN_STYLE = Automatic;
				INFOPLIST_FILE = Hitowooboeruapuri/Info.plist;
				LD_RUNPATH_SEARCH_PATHS = (
					"$(inherited)",
					"@executable_path/Frameworks",
				);
				PRODUCT_BUNDLE_IDENTIFIER = com.nodoka.Hitowooboeruapuri;
				PRODUCT_NAME = "$(TARGET_NAME)";
				SWIFT_VERSION = 5.0;
				TARGETED_DEVICE_FAMILY = "1,2";
			};
			name = Release;
		};
/* End XCBuildConfiguration section */

/* Begin XCConfigurationList section */
		673DE44524D4261000A64149 /* Build configuration list for PBXProject "Hitowooboeruapuri" */ = {
			isa = XCConfigurationList;
			buildConfigurations = (
				673DE45C24D4261C00A64149 /* Debug */,
				673DE45D24D4261C00A64149 /* Release */,
			);
			defaultConfigurationIsVisible = 0;
			defaultConfigurationName = Release;
		};
		673DE45E24D4261C00A64149 /* Build configuration list for PBXNativeTarget "Hitowooboeruapuri" */ = {
			isa = XCConfigurationList;
			buildConfigurations = (
				673DE45F24D4261C00A64149 /* Debug */,
				673DE46024D4261C00A64149 /* Release */,
			);
			defaultConfigurationIsVisible = 0;
			defaultConfigurationName = Release;
		};
/* End XCConfigurationList section */
	};
	rootObject = 673DE44224D4261000A64149 /* Project object */;
}
